
Microsoft Visual Studio Solution File, Format Version 12.00
# Visual Studio 14
VisualStudioVersion = 14.0.25420.1
MinimumVisualStudioVersion = 10.0.40219.1
Project("{FAE04EC0-301F-11D3-BF4B-00C04F79EFBC}") = "Rent-O-Matic", "Rent-O-Matic\Rent-O-Matic.csproj", "{FEDA7E64-3324-436C-BC9E-40E5D6D11B52}"
EndProject
Global
	GlobalSection(SolutionConfigurationPlatforms) = preSolution
		Debug|Any CPU = Debug|Any CPU
		Release|Any CPU = Release|Any CPU
	EndGlobalSection
	GlobalSection(ProjectConfigurationPlatforms) = postSolution
		{FEDA7E64-3324-436C-BC9E-40E5D6D11B52}.Debug|Any CPU.ActiveCfg = Debug|Any CPU
		{FEDA7E64-3324-436C-BC9E-40E5D6D11B52}.Debug|Any CPU.Build.0 = Debug|Any CPU
		{FEDA7E64-3324-436C-BC9E-40E5D6D11B52}.Release|Any CPU.ActiveCfg = Release|Any CPU
		{FEDA7E64-3324-436C-BC9E-40E5D6D11B52}.Release|Any CPU.Build.0 = Release|Any CPU
	EndGlobalSection
	GlobalSection(SolutionProperties) = preSolution
		HideSolutionNode = FALSE
	EndGlobalSection
EndGlobal
